
Microsoft Visual Studio Solution File, Format Version 11.00
# Visual Studio 2010
Project("{FAE04EC0-301F-11D3-BF4B-00C04F79EFBC}") = "OneTo50", "OneTo50\OneTo50.csproj", "{782B572A-E46F-43B9-AF41-05426B24BC3C}"
EndProject
Global
	GlobalSection(TeamFoundationVersionControl) = preSolution
		SccNumberOfProjects = 2
		SccEnterpriseProvider = {4CA58AB2-18FA-4F8D-95D4-32DDF27D184C}
		SccTeamFoundationServer = https://tfs.codeplex.com/tfs/tfs30
		SccLocalPath0 = .
		SccProjectUniqueName1 = OneTo50\\OneTo50.csproj
		SccProjectName1 = OneTo50
		SccLocalPath1 = OneTo50
	EndGlobalSection
	GlobalSection(SolutionConfigurationPlatforms) = preSolution
		Debug|Any CPU = Debug|Any CPU
		Release|Any CPU = Release|Any CPU
	EndGlobalSection
	GlobalSection(ProjectConfigurationPlatforms) = postSolution
		{782B572A-E46F-43B9-AF41-05426B24BC3C}.Debug|Any CPU.ActiveCfg = Debug|Any CPU
		{782B572A-E46F-43B9-AF41-05426B24BC3C}.Debug|Any CPU.Build.0 = Debug|Any CPU
		{782B572A-E46F-43B9-AF41-05426B24BC3C}.Debug|Any CPU.Deploy.0 = Debug|Any CPU
		{782B572A-E46F-43B9-AF41-05426B24BC3C}.Release|Any CPU.ActiveCfg = Release|Any CPU
		{782B572A-E46F-43B9-AF41-05426B24BC3C}.Release|Any CPU.Build.0 = Release|Any CPU
		{782B572A-E46F-43B9-AF41-05426B24BC3C}.Release|Any CPU.Deploy.0 = Release|Any CPU
	EndGlobalSection
	GlobalSection(SolutionProperties) = preSolution
		HideSolutionNode = FALSE
	EndGlobalSection
EndGlobal
